
Microsoft Visual Studio Solution File, Format Version 12.00
# Visual Studio 15
Project("{FAE04EC0-301F-11D3-BF4B-00C04F79EFBC}") = "UnityEngine.UI", "UnityEngine.UI.csproj", "{2CA66BB5-EF5E-8DAA-13B0-13E58B035EFD}"
EndProject
Project("{FAE04EC0-301F-11D3-BF4B-00C04F79EFBC}") = "UnityEngine.TestRunner", "UnityEngine.TestRunner.csproj", "{79F8D350-0E1E-C311-8C25-CEC7B1DBA4A8}"
EndProject
Project("{FAE04EC0-301F-11D3-BF4B-00C04F79EFBC}") = "Unity.VisualScripting.Flow", "Unity.VisualScripting.Flow.csproj", "{8C65F3CA-DC2C-F3F7-DA4B-7D9CEF864BB9}"
EndProject
Project("{FAE04EC0-301F-11D3-BF4B-00C04F79EFBC}") = "Unity.VisualScripting.State", "Unity.VisualScripting.State.csproj", "{4228732E-76E4-1C8C-8A2C-27BCA24CC81F}"
EndProject
Project("{FAE04EC0-301F-11D3-BF4B-00C04F79EFBC}") = "Unity.VisualScripting.Core", "Unity.VisualScripting.Core.csproj", "{0E624925-2EEB-4D97-E592-8C93440829C3}"
EndProject
Project("{FAE04EC0-301F-11D3-BF4B-00C04F79EFBC}") = "Unity.Postprocessing.Runtime", "Unity.Postprocessing.Runtime.csproj", "{0FD44C06-1821-2118-D241-98FDB1E738CF}"
EndProject
Project("{FAE04EC0-301F-11D3-BF4B-00C04F79EFBC}") = "Unity.TextMeshPro", "Unity.TextMeshPro.csproj", "{88C03D84-BB46-A9F1-3A64-CCB77805B716}"
EndProject
Project("{FAE04EC0-301F-11D3-BF4B-00C04F79EFBC}") = "Unity.Timeline", "Unity.Timeline.csproj", "{8DCABFBE-C129-F54E-79B1-07BCED71E359}"
EndProject
Project("{FAE04EC0-301F-11D3-BF4B-00C04F79EFBC}") = "Assembly-CSharp-firstpass", "Assembly-CSharp-firstpass.csproj", "{054FD4B9-4E08-DA02-1982-99CCDBF40F5C}"
EndProject
Project("{FAE04EC0-301F-11D3-BF4B-00C04F79EFBC}") = "Unity.TerrainTools", "Unity.TerrainTools.csproj", "{20CA32B2-64FD-BE14-4970-09F5B2B1A3EB}"
EndProject
Project("{FAE04EC0-301F-11D3-BF4B-00C04F79EFBC}") = "Hedera.Runtime", "Hedera.Runtime.csproj", "{EAAE3608-C985-4C6F-FC53-41146A5BF95B}"
EndProject
Project("{FAE04EC0-301F-11D3-BF4B-00C04F79EFBC}") = "Assembly-CSharp", "Assembly-CSharp.csproj", "{D785F5CD-E0FF-C7EE-1898-8F72AECBFED9}"
EndProject
Project("{FAE04EC0-301F-11D3-BF4B-00C04F79EFBC}") = "Unity.PlasticSCM.Editor", "Unity.PlasticSCM.Editor.csproj", "{711EC9A9-5DAE-3048-5F9A-7A886C3201F4}"
EndProject
Project("{FAE04EC0-301F-11D3-BF4B-00C04F79EFBC}") = "Unity.VisualScripting.Core.Editor", "Unity.VisualScripting.Core.Editor.csproj", "{734076FB-9A7C-8569-4274-5C6CCC307E14}"
EndProject
Project("{FAE04EC0-301F-11D3-BF4B-00C04F79EFBC}") = "Unity.VisualScripting.Flow.Editor", "Unity.VisualScripting.Flow.Editor.csproj", "{074ED56A-7BEE-E24F-E99B-D91E72D2DDF3}"
EndProject
Project("{FAE04EC0-301F-11D3-BF4B-00C04F79EFBC}") = "Unity.TerrainTools.Editor", "Unity.TerrainTools.Editor.csproj", "{74A8E849-F940-8293-8B76-77975C2861A4}"
EndProject
Project("{FAE04EC0-301F-11D3-BF4B-00C04F79EFBC}") = "Unity.VisualStudio.Editor", "Unity.VisualStudio.Editor.csproj", "{1D5BBA0E-91FC-D7A3-B9D5-443D47912586}"
EndProject
Project("{FAE04EC0-301F-11D3-BF4B-00C04F79EFBC}") = "Unity.Timeline.Editor", "Unity.Timeline.Editor.csproj", "{3750C9C7-3E3F-1F2F-AB78-27DF1873DBBF}"
EndProject
Project("{FAE04EC0-301F-11D3-BF4B-00C04F79EFBC}") = "Unity.VisualScripting.State.Editor", "Unity.VisualScripting.State.Editor.csproj", "{6C493E6C-D15D-F9A4-F81F-B6796E140D21}"
EndProject
Project("{FAE04EC0-301F-11D3-BF4B-00C04F79EFBC}") = "Unity.TextMeshPro.Editor", "Unity.TextMeshPro.Editor.csproj", "{DD16711D-7459-D76C-2A45-5F0F374AD5CD}"
EndProject
Project("{FAE04EC0-301F-11D3-BF4B-00C04F79EFBC}") = "Unity.VisualScripting.SettingsProvider.Editor", "Unity.VisualScripting.SettingsProvider.Editor.csproj", "{25C3C20D-69EE-95B2-723C-8376B18E2CEB}"
EndProject
Project("{FAE04EC0-301F-11D3-BF4B-00C04F79EFBC}") = "Unity.Postprocessing.Editor", "Unity.Postprocessing.Editor.csproj", "{172DE8F5-5119-7D6B-7CFD-1BFA247746B5}"
EndProject
Project("{FAE04EC0-301F-11D3-BF4B-00C04F79EFBC}") = "UnityEditor.TestRunner", "UnityEditor.TestRunner.csproj", "{B51737D6-1DFB-CD88-E520-963F918D0296}"
EndProject
Project("{FAE04EC0-301F-11D3-BF4B-00C04F79EFBC}") = "Unity.TestTools.CodeCoverage.Editor", "Unity.TestTools.CodeCoverage.Editor.csproj", "{9699CC11-92C2-FDB5-2784-3D1068677AC3}"
EndProject
Project("{FAE04EC0-301F-11D3-BF4B-00C04F79EFBC}") = "Unity.Rider.Editor", "Unity.Rider.Editor.csproj", "{DBD26AFE-2022-3681-CD31-6E19CC8A7184}"
EndProject
Project("{FAE04EC0-301F-11D3-BF4B-00C04F79EFBC}") = "Hedera.Editor", "Hedera.Editor.csproj", "{2E8786EA-AB42-29AA-499F-300541486131}"
EndProject
Project("{FAE04EC0-301F-11D3-BF4B-00C04F79EFBC}") = "Unity.Performance.Profile-Analyzer.Editor", "Unity.Performance.Profile-Analyzer.Editor.csproj", "{2D1BA33A-716B-A682-608B-F5F94BEBB539}"
EndProject
Project("{FAE04EC0-301F-11D3-BF4B-00C04F79EFBC}") = "Unity.VSCode.Editor", "Unity.VSCode.Editor.csproj", "{B79AE655-3395-B8B7-30FE-D8607658359A}"
EndProject
Project("{FAE04EC0-301F-11D3-BF4B-00C04F79EFBC}") = "UnityEditor.UI", "UnityEditor.UI.csproj", "{8E4E8DB3-FE9E-A75A-E62C-0F6F46840897}"
EndProject
Project("{FAE04EC0-301F-11D3-BF4B-00C04F79EFBC}") = "Unity.TestTools.CodeCoverage.Editor.OpenCover.Model", "Unity.TestTools.CodeCoverage.Editor.OpenCover.Model.csproj", "{39ACC741-A635-BA7D-373E-E22EF3F44100}"
EndProject
Project("{FAE04EC0-301F-11D3-BF4B-00C04F79EFBC}") = "Unity.EditorCoroutines.Editor", "Unity.EditorCoroutines.Editor.csproj", "{4FE1E44B-FDE4-F066-06E5-17537C1F313C}"
EndProject
Project("{FAE04EC0-301F-11D3-BF4B-00C04F79EFBC}") = "Unity.Settings.Editor", "Unity.Settings.Editor.csproj", "{A2E63751-CB6D-8DA3-9B65-2BB510BF6E40}"
EndProject
Project("{FAE04EC0-301F-11D3-BF4B-00C04F79EFBC}") = "Unity.CollabProxy.Editor", "Unity.CollabProxy.Editor.csproj", "{042C72DD-F47B-394F-2D13-D17E0138F325}"
EndProject
Project("{FAE04EC0-301F-11D3-BF4B-00C04F79EFBC}") = "Assembly-CSharp-Editor-firstpass", "Assembly-CSharp-Editor-firstpass.csproj", "{AD1319AE-301C-DDB7-E970-4204308D5370}"
EndProject
Project("{FAE04EC0-301F-11D3-BF4B-00C04F79EFBC}") = "Unity.TestTools.CodeCoverage.Editor.OpenCover.Mono.Reflection", "Unity.TestTools.CodeCoverage.Editor.OpenCover.Mono.Reflection.csproj", "{53474688-FA92-C913-03C4-10CAE67A4E54}"
EndProject
Project("{FAE04EC0-301F-11D3-BF4B-00C04F79EFBC}") = "Unity.VisualScripting.Shared.Editor", "Unity.VisualScripting.Shared.Editor.csproj", "{E2809829-3FDB-B372-0F41-10AB07E5FBC3}"
EndProject
Project("{FAE04EC0-301F-11D3-BF4B-00C04F79EFBC}") = "Assembly-CSharp-Editor", "Assembly-CSharp-Editor.csproj", "{890381FC-C563-8036-D1DF-02899AC922F7}"
EndProject
Project("{FAE04EC0-301F-11D3-BF4B-00C04F79EFBC}") = "UnityEngine.UI", "UnityEngine.UI.Player.csproj", "{0963782A-D2BA-A227-8D1E-1A52D00F0B9E}"
EndProject
Project("{FAE04EC0-301F-11D3-BF4B-00C04F79EFBC}") = "UnityEngine.TestRunner", "UnityEngine.TestRunner.Player.csproj", "{655354DF-B58C-0393-FF93-78749565AE06}"
EndProject
Project("{FAE04EC0-301F-11D3-BF4B-00C04F79EFBC}") = "Unity.VisualScripting.Flow", "Unity.VisualScripting.Flow.Player.csproj", "{65AB4830-19DE-7224-6160-68E3AE350A02}"
EndProject
Project("{FAE04EC0-301F-11D3-BF4B-00C04F79EFBC}") = "Unity.VisualScripting.State", "Unity.VisualScripting.State.Player.csproj", "{3732F79A-96E3-3E9C-95C6-9EB2B5130CD2}"
EndProject
Project("{FAE04EC0-301F-11D3-BF4B-00C04F79EFBC}") = "Unity.VisualScripting.Core", "Unity.VisualScripting.Core.Player.csproj", "{53BC4C4A-4B74-E391-5AF6-82871F5FDB23}"
EndProject
Project("{FAE04EC0-301F-11D3-BF4B-00C04F79EFBC}") = "Unity.Postprocessing.Runtime", "Unity.Postprocessing.Runtime.Player.csproj", "{308552E0-8821-50D7-B340-6AE184E611D5}"
EndProject
Project("{FAE04EC0-301F-11D3-BF4B-00C04F79EFBC}") = "Unity.TextMeshPro", "Unity.TextMeshPro.Player.csproj", "{23ECB9FC-5B91-C4B1-BECE-D3536FA63C03}"
EndProject
Project("{FAE04EC0-301F-11D3-BF4B-00C04F79EFBC}") = "Unity.Timeline", "Unity.Timeline.Player.csproj", "{C56CFA64-0F74-607F-8CF1-59F0A829FAD3}"
EndProject
Project("{FAE04EC0-301F-11D3-BF4B-00C04F79EFBC}") = "Assembly-CSharp-firstpass", "Assembly-CSharp-firstpass.Player.csproj", "{9FD89DD1-F364-FD49-B771-EDC5C36F35B1}"
EndProject
Project("{FAE04EC0-301F-11D3-BF4B-00C04F79EFBC}") = "Unity.TerrainTools", "Unity.TerrainTools.Player.csproj", "{3AD17B20-7E1D-874F-4CD8-D1F8780440B3}"
EndProject
Project("{FAE04EC0-301F-11D3-BF4B-00C04F79EFBC}") = "Hedera.Runtime", "Hedera.Runtime.Player.csproj", "{1CDC98CD-A406-2DAA-34B0-FEEC40A6E6BF}"
EndProject
Project("{FAE04EC0-301F-11D3-BF4B-00C04F79EFBC}") = "Assembly-CSharp", "Assembly-CSharp.Player.csproj", "{1E37E985-723C-89EB-D622-01D3FE14CD7E}"
EndProject
Global
	GlobalSection(SolutionConfigurationPlatforms) = preSolution
		Debug|Any CPU = Debug|Any CPU
		Release|Any CPU = Release|Any CPU
	EndGlobalSection
	GlobalSection(ProjectConfigurationPlatforms) = postSolution
		{2CA66BB5-EF5E-8DAA-13B0-13E58B035EFD}.Debug|Any CPU.ActiveCfg = Debug|Any CPU
		{2CA66BB5-EF5E-8DAA-13B0-13E58B035EFD}.Debug|Any CPU.Build.0 = Debug|Any CPU
		{2CA66BB5-EF5E-8DAA-13B0-13E58B035EFD}.Release|Any CPU.ActiveCfg = Release|Any CPU
		{2CA66BB5-EF5E-8DAA-13B0-13E58B035EFD}.Release|Any CPU.Build.0 = Release|Any CPU
		{79F8D350-0E1E-C311-8C25-CEC7B1DBA4A8}.Debug|Any CPU.ActiveCfg = Debug|Any CPU
		{79F8D350-0E1E-C311-8C25-CEC7B1DBA4A8}.Debug|Any CPU.Build.0 = Debug|Any CPU
		{79F8D350-0E1E-C311-8C25-CEC7B1DBA4A8}.Release|Any CPU.ActiveCfg = Release|Any CPU
		{79F8D350-0E1E-C311-8C25-CEC7B1DBA4A8}.Release|Any CPU.Build.0 = Release|Any CPU
		{8C65F3CA-DC2C-F3F7-DA4B-7D9CEF864BB9}.Debug|Any CPU.ActiveCfg = Debug|Any CPU
		{8C65F3CA-DC2C-F3F7-DA4B-7D9CEF864BB9}.Debug|Any CPU.Build.0 = Debug|Any CPU
		{8C65F3CA-DC2C-F3F7-DA4B-7D9CEF864BB9}.Release|Any CPU.ActiveCfg = Release|Any CPU
		{8C65F3CA-DC2C-F3F7-DA4B-7D9CEF864BB9}.Release|Any CPU.Build.0 = Release|Any CPU
		{4228732E-76E4-1C8C-8A2C-27BCA24CC81F}.Debug|Any CPU.ActiveCfg = Debug|Any CPU
		{4228732E-76E4-1C8C-8A2C-27BCA24CC81F}.Debug|Any CPU.Build.0 = Debug|Any CPU
		{4228732E-76E4-1C8C-8A2C-27BCA24CC81F}.Release|Any CPU.ActiveCfg = Release|Any CPU
		{4228732E-76E4-1C8C-8A2C-27BCA24CC81F}.Release|Any CPU.Build.0 = Release|Any CPU
		{0E624925-2EEB-4D97-E592-8C93440829C3}.Debug|Any CPU.ActiveCfg = Debug|Any CPU
		{0E624925-2EEB-4D97-E592-8C93440829C3}.Debug|Any CPU.Build.0 = Debug|Any CPU
		{0E624925-2EEB-4D97-E592-8C93440829C3}.Release|Any CPU.ActiveCfg = Release|Any CPU
		{0E624925-2EEB-4D97-E592-8C93440829C3}.Release|Any CPU.Build.0 = Release|Any CPU
		{0FD44C06-1821-2118-D241-98FDB1E738CF}.Debug|Any CPU.ActiveCfg = Debug|Any CPU
		{0FD44C06-1821-2118-D241-98FDB1E738CF}.Debug|Any CPU.Build.0 = Debug|Any CPU
		{0FD44C06-1821-2118-D241-98FDB1E738CF}.Release|Any CPU.ActiveCfg = Release|Any CPU
		{0FD44C06-1821-2118-D241-98FDB1E738CF}.Release|Any CPU.Build.0 = Release|Any CPU
		{88C03D84-BB46-A9F1-3A64-CCB77805B716}.Debug|Any CPU.ActiveCfg = Debug|Any CPU
		{88C03D84-BB46-A9F1-3A64-CCB77805B716}.Debug|Any CPU.Build.0 = Debug|Any CPU
		{88C03D84-BB46-A9F1-3A64-CCB77805B716}.Release|Any CPU.ActiveCfg = Release|Any CPU
		{88C03D84-BB46-A9F1-3A64-CCB77805B716}.Release|Any CPU.Build.0 = Release|Any CPU
		{8DCABFBE-C129-F54E-79B1-07BCED71E359}.Debug|Any CPU.ActiveCfg = Debug|Any CPU
		{8DCABFBE-C129-F54E-79B1-07BCED71E359}.Debug|Any CPU.Build.0 = Debug|Any CPU
		{8DCABFBE-C129-F54E-79B1-07BCED71E359}.Release|Any CPU.ActiveCfg = Release|Any CPU
		{8DCABFBE-C129-F54E-79B1-07BCED71E359}.Release|Any CPU.Build.0 = Release|Any CPU
		{054FD4B9-4E08-DA02-1982-99CCDBF40F5C}.Debug|Any CPU.ActiveCfg = Debug|Any CPU
		{054FD4B9-4E08-DA02-1982-99CCDBF40F5C}.Debug|Any CPU.Build.0 = Debug|Any CPU
		{054FD4B9-4E08-DA02-1982-99CCDBF40F5C}.Release|Any CPU.ActiveCfg = Release|Any CPU
		{054FD4B9-4E08-DA02-1982-99CCDBF40F5C}.Release|Any CPU.Build.0 = Release|Any CPU
		{20CA32B2-64FD-BE14-4970-09F5B2B1A3EB}.Debug|Any CPU.ActiveCfg = Debug|Any CPU
		{20CA32B2-64FD-BE14-4970-09F5B2B1A3EB}.Debug|Any CPU.Build.0 = Debug|Any CPU
		{20CA32B2-64FD-BE14-4970-09F5B2B1A3EB}.Release|Any CPU.ActiveCfg = Release|Any CPU
		{20CA32B2-64FD-BE14-4970-09F5B2B1A3EB}.Release|Any CPU.Build.0 = Release|Any CPU
		{EAAE3608-C985-4C6F-FC53-41146A5BF95B}.Debug|Any CPU.ActiveCfg = Debug|Any CPU
		{EAAE3608-C985-4C6F-FC53-41146A5BF95B}.Debug|Any CPU.Build.0 = Debug|Any CPU
		{EAAE3608-C985-4C6F-FC53-41146A5BF95B}.Release|Any CPU.ActiveCfg = Release|Any CPU
		{EAAE3608-C985-4C6F-FC53-41146A5BF95B}.Release|Any CPU.Build.0 = Release|Any CPU
		{D785F5CD-E0FF-C7EE-1898-8F72AECBFED9}.Debug|Any CPU.ActiveCfg = Debug|Any CPU
		{D785F5CD-E0FF-C7EE-1898-8F72AECBFED9}.Debug|Any CPU.Build.0 = Debug|Any CPU
		{D785F5CD-E0FF-C7EE-1898-8F72AECBFED9}.Release|Any CPU.ActiveCfg = Release|Any CPU
		{D785F5CD-E0FF-C7EE-1898-8F72AECBFED9}.Release|Any CPU.Build.0 = Release|Any CPU
		{711EC9A9-5DAE-3048-5F9A-7A886C3201F4}.Debug|Any CPU.ActiveCfg = Debug|Any CPU
		{711EC9A9-5DAE-3048-5F9A-7A886C3201F4}.Debug|Any CPU.Build.0 = Debug|Any CPU
		{711EC9A9-5DAE-3048-5F9A-7A886C3201F4}.Release|Any CPU.ActiveCfg = Release|Any CPU
		{711EC9A9-5DAE-3048-5F9A-7A886C3201F4}.Release|Any CPU.Build.0 = Release|Any CPU
		{734076FB-9A7C-8569-4274-5C6CCC307E14}.Debug|Any CPU.ActiveCfg = Debug|Any CPU
		{734076FB-9A7C-8569-4274-5C6CCC307E14}.Debug|Any CPU.Build.0 = Debug|Any CPU
		{734076FB-9A7C-8569-4274-5C6CCC307E14}.Release|Any CPU.ActiveCfg = Release|Any CPU
		{734076FB-9A7C-8569-4274-5C6CCC307E14}.Release|Any CPU.Build.0 = Release|Any CPU
		{074ED56A-7BEE-E24F-E99B-D91E72D2DDF3}.Debug|Any CPU.ActiveCfg = Debug|Any CPU
		{074ED56A-7BEE-E24F-E99B-D91E72D2DDF3}.Debug|Any CPU.Build.0 = Debug|Any CPU
		{074ED56A-7BEE-E24F-E99B-D91E72D2DDF3}.Release|Any CPU.ActiveCfg = Release|Any CPU
		{074ED56A-7BEE-E24F-E99B-D91E72D2DDF3}.Release|Any CPU.Build.0 = Release|Any CPU
		{74A8E849-F940-8293-8B76-77975C2861A4}.Debug|Any CPU.ActiveCfg = Debug|Any CPU
		{74A8E849-F940-8293-8B76-77975C2861A4}.Debug|Any CPU.Build.0 = Debug|Any CPU
		{74A8E849-F940-8293-8B76-77975C2861A4}.Release|Any CPU.ActiveCfg = Release|Any CPU
		{74A8E849-F940-8293-8B76-77975C2861A4}.Release|Any CPU.Build.0 = Release|Any CPU
		{1D5BBA0E-91FC-D7A3-B9D5-443D47912586}.Debug|Any CPU.ActiveCfg = Debug|Any CPU
		{1D5BBA0E-91FC-D7A3-B9D5-443D47912586}.Debug|Any CPU.Build.0 = Debug|Any CPU
		{1D5BBA0E-91FC-D7A3-B9D5-443D47912586}.Release|Any CPU.ActiveCfg = Release|Any CPU
		{1D5BBA0E-91FC-D7A3-B9D5-443D47912586}.Release|Any CPU.Build.0 = Release|Any CPU
		{3750C9C7-3E3F-1F2F-AB78-27DF1873DBBF}.Debug|Any CPU.ActiveCfg = Debug|Any CPU
		{3750C9C7-3E3F-1F2F-AB78-27DF1873DBBF}.Debug|Any CPU.Build.0 = Debug|Any CPU
		{3750C9C7-3E3F-1F2F-AB78-27DF1873DBBF}.Release|Any CPU.ActiveCfg = Release|Any CPU
		{3750C9C7-3E3F-1F2F-AB78-27DF1873DBBF}.Release|Any CPU.Build.0 = Release|Any CPU
		{6C493E6C-D15D-F9A4-F81F-B6796E140D21}.Debug|Any CPU.ActiveCfg = Debug|Any CPU
		{6C493E6C-D15D-F9A4-F81F-B6796E140D21}.Debug|Any CPU.Build.0 = Debug|Any CPU
		{6C493E6C-D15D-F9A4-F81F-B6796E140D21}.Release|Any CPU.ActiveCfg = Release|Any CPU
		{6C493E6C-D15D-F9A4-F81F-B6796E140D21}.Release|Any CPU.Build.0 = Release|Any CPU
		{DD16711D-7459-D76C-2A45-5F0F374AD5CD}.Debug|Any CPU.ActiveCfg = Debug|Any CPU
		{DD16711D-7459-D76C-2A45-5F0F374AD5CD}.Debug|Any CPU.Build.0 = Debug|Any CPU
		{DD16711D-7459-D76C-2A45-5F0F374AD5CD}.Release|Any CPU.ActiveCfg = Release|Any CPU
		{DD16711D-7459-D76C-2A45-5F0F374AD5CD}.Release|Any CPU.Build.0 = Release|Any CPU
		{25C3C20D-69EE-95B2-723C-8376B18E2CEB}.Debug|Any CPU.ActiveCfg = Debug|Any CPU
		{25C3C20D-69EE-95B2-723C-8376B18E2CEB}.Debug|Any CPU.Build.0 = Debug|Any CPU
		{25C3C20D-69EE-95B2-723C-8376B18E2CEB}.Release|Any CPU.ActiveCfg = Release|Any CPU
		{25C3C20D-69EE-95B2-723C-8376B18E2CEB}.Release|Any CPU.Build.0 = Release|Any CPU
		{172DE8F5-5119-7D6B-7CFD-1BFA247746B5}.Debug|Any CPU.ActiveCfg = Debug|Any CPU
		{172DE8F5-5119-7D6B-7CFD-1BFA247746B5}.Debug|Any CPU.Build.0 = Debug|Any CPU
		{172DE8F5-5119-7D6B-7CFD-1BFA247746B5}.Release|Any CPU.ActiveCfg = Release|Any CPU
		{172DE8F5-5119-7D6B-7CFD-1BFA247746B5}.Release|Any CPU.Build.0 = Release|Any CPU
		{B51737D6-1DFB-CD88-E520-963F918D0296}.Debug|Any CPU.ActiveCfg = Debug|Any CPU
		{B51737D6-1DFB-CD88-E520-963F918D0296}.Debug|Any CPU.Build.0 = Debug|Any CPU
		{B51737D6-1DFB-CD88-E520-963F918D0296}.Release|Any CPU.ActiveCfg = Release|Any CPU
		{B51737D6-1DFB-CD88-E520-963F918D0296}.Release|Any CPU.Build.0 = Release|Any CPU
		{9699CC11-92C2-FDB5-2784-3D1068677AC3}.Debug|Any CPU.ActiveCfg = Debug|Any CPU
		{9699CC11-92C2-FDB5-2784-3D1068677AC3}.Debug|Any CPU.Build.0 = Debug|Any CPU
		{9699CC11-92C2-FDB5-2784-3D1068677AC3}.Release|Any CPU.ActiveCfg = Release|Any CPU
		{9699CC11-92C2-FDB5-2784-3D1068677AC3}.Release|Any CPU.Build.0 = Release|Any CPU
		{DBD26AFE-2022-3681-CD31-6E19CC8A7184}.Debug|Any CPU.ActiveCfg = Debug|Any CPU
		{DBD26AFE-2022-3681-CD31-6E19CC8A7184}.Debug|Any CPU.Build.0 = Debug|Any CPU
		{DBD26AFE-2022-3681-CD31-6E19CC8A7184}.Release|Any CPU.ActiveCfg = Release|Any CPU
		{DBD26AFE-2022-3681-CD31-6E19CC8A7184}.Release|Any CPU.Build.0 = Release|Any CPU
		{2E8786EA-AB42-29AA-499F-300541486131}.Debug|Any CPU.ActiveCfg = Debug|Any CPU
		{2E8786EA-AB42-29AA-499F-300541486131}.Debug|Any CPU.Build.0 = Debug|Any CPU
		{2E8786EA-AB42-29AA-499F-300541486131}.Release|Any CPU.ActiveCfg = Release|Any CPU
		{2E8786EA-AB42-29AA-499F-300541486131}.Release|Any CPU.Build.0 = Release|Any CPU
		{2D1BA33A-716B-A682-608B-F5F94BEBB539}.Debug|Any CPU.ActiveCfg = Debug|Any CPU
		{2D1BA33A-716B-A682-608B-F5F94BEBB539}.Debug|Any CPU.Build.0 = Debug|Any CPU
		{2D1BA33A-716B-A682-608B-F5F94BEBB539}.Release|Any CPU.ActiveCfg = Release|Any CPU
		{2D1BA33A-716B-A682-608B-F5F94BEBB539}.Release|Any CPU.Build.0 = Release|Any CPU
		{B79AE655-3395-B8B7-30FE-D8607658359A}.Debug|Any CPU.ActiveCfg = Debug|Any CPU
		{B79AE655-3395-B8B7-30FE-D8607658359A}.Debug|Any CPU.Build.0 = Debug|Any CPU
		{B79AE655-3395-B8B7-30FE-D8607658359A}.Release|Any CPU.ActiveCfg = Release|Any CPU
		{B79AE655-3395-B8B7-30FE-D8607658359A}.Release|Any CPU.Build.0 = Release|Any CPU
		{8E4E8DB3-FE9E-A75A-E62C-0F6F46840897}.Debug|Any CPU.ActiveCfg = Debug|Any CPU
		{8E4E8DB3-FE9E-A75A-E62C-0F6F46840897}.Debug|Any CPU.Build.0 = Debug|Any CPU
		{8E4E8DB3-FE9E-A75A-E62C-0F6F46840897}.Release|Any CPU.ActiveCfg = Release|Any CPU
		{8E4E8DB3-FE9E-A75A-E62C-0F6F46840897}.Release|Any CPU.Build.0 = Release|Any CPU
		{39ACC741-A635-BA7D-373E-E22EF3F44100}.Debug|Any CPU.ActiveCfg = Debug|Any CPU
		{39ACC741-A635-BA7D-373E-E22EF3F44100}.Debug|Any CPU.Build.0 = Debug|Any CPU
		{39ACC741-A635-BA7D-373E-E22EF3F44100}.Release|Any CPU.ActiveCfg = Release|Any CPU
		{39ACC741-A635-BA7D-373E-E22EF3F44100}.Release|Any CPU.Build.0 = Release|Any CPU
		{4FE1E44B-FDE4-F066-06E5-17537C1F313C}.Debug|Any CPU.ActiveCfg = Debug|Any CPU
		{4FE1E44B-FDE4-F066-06E5-17537C1F313C}.Debug|Any CPU.Build.0 = Debug|Any CPU
		{4FE1E44B-FDE4-F066-06E5-17537C1F313C}.Release|Any CPU.ActiveCfg = Release|Any CPU
		{4FE1E44B-FDE4-F066-06E5-17537C1F313C}.Release|Any CPU.Build.0 = Release|Any CPU
		{A2E63751-CB6D-8DA3-9B65-2BB510BF6E40}.Debug|Any CPU.ActiveCfg = Debug|Any CPU
		{A2E63751-CB6D-8DA3-9B65-2BB510BF6E40}.Debug|Any CPU.Build.0 = Debug|Any CPU
		{A2E63751-CB6D-8DA3-9B65-2BB510BF6E40}.Release|Any CPU.ActiveCfg = Release|Any CPU
		{A2E63751-CB6D-8DA3-9B65-2BB510BF6E40}.Release|Any CPU.Build.0 = Release|Any CPU
		{042C72DD-F47B-394F-2D13-D17E0138F325}.Debug|Any CPU.ActiveCfg = Debug|Any CPU
		{042C72DD-F47B-394F-2D13-D17E0138F325}.Debug|Any CPU.Build.0 = Debug|Any CPU
		{042C72DD-F47B-394F-2D13-D17E0138F325}.Release|Any CPU.ActiveCfg = Release|Any CPU
		{042C72DD-F47B-394F-2D13-D17E0138F325}.Release|Any CPU.Build.0 = Release|Any CPU
		{AD1319AE-301C-DDB7-E970-4204308D5370}.Debug|Any CPU.ActiveCfg = Debug|Any CPU
		{AD1319AE-301C-DDB7-E970-4204308D5370}.Debug|Any CPU.Build.0 = Debug|Any CPU
		{AD1319AE-301C-DDB7-E970-4204308D5370}.Release|Any CPU.ActiveCfg = Release|Any CPU
		{AD1319AE-301C-DDB7-E970-4204308D5370}.Release|Any CPU.Build.0 = Release|Any CPU
		{53474688-FA92-C913-03C4-10CAE67A4E54}.Debug|Any CPU.ActiveCfg = Debug|Any CPU
		{53474688-FA92-C913-03C4-10CAE67A4E54}.Debug|Any CPU.Build.0 = Debug|Any CPU
		{53474688-FA92-C913-03C4-10CAE67A4E54}.Release|Any CPU.ActiveCfg = Release|Any CPU
		{53474688-FA92-C913-03C4-10CAE67A4E54}.Release|Any CPU.Build.0 = Release|Any CPU
		{E2809829-3FDB-B372-0F41-10AB07E5FBC3}.Debug|Any CPU.ActiveCfg = Debug|Any CPU
		{E2809829-3FDB-B372-0F41-10AB07E5FBC3}.Debug|Any CPU.Build.0 = Debug|Any CPU
		{E2809829-3FDB-B372-0F41-10AB07E5FBC3}.Release|Any CPU.ActiveCfg = Release|Any CPU
		{E2809829-3FDB-B372-0F41-10AB07E5FBC3}.Release|Any CPU.Build.0 = Release|Any CPU
		{890381FC-C563-8036-D1DF-02899AC922F7}.Debug|Any CPU.ActiveCfg = Debug|Any CPU
		{890381FC-C563-8036-D1DF-02899AC922F7}.Debug|Any CPU.Build.0 = Debug|Any CPU
		{890381FC-C563-8036-D1DF-02899AC922F7}.Release|Any CPU.ActiveCfg = Release|Any CPU
		{890381FC-C563-8036-D1DF-02899AC922F7}.Release|Any CPU.Build.0 = Release|Any CPU
		{0963782A-D2BA-A227-8D1E-1A52D00F0B9E}.Debug|Any CPU.ActiveCfg = Debug|Any CPU
		{0963782A-D2BA-A227-8D1E-1A52D00F0B9E}.Debug|Any CPU.Build.0 = Debug|Any CPU
		{0963782A-D2BA-A227-8D1E-1A52D00F0B9E}.Release|Any CPU.ActiveCfg = Release|Any CPU
		{0963782A-D2BA-A227-8D1E-1A52D00F0B9E}.Release|Any CPU.Build.0 = Release|Any CPU
		{655354DF-B58C-0393-FF93-78749565AE06}.Debug|Any CPU.ActiveCfg = Debug|Any CPU
		{655354DF-B58C-0393-FF93-78749565AE06}.Debug|Any CPU.Build.0 = Debug|Any CPU
		{655354DF-B58C-0393-FF93-78749565AE06}.Release|Any CPU.ActiveCfg = Release|Any CPU
		{655354DF-B58C-0393-FF93-78749565AE06}.Release|Any CPU.Build.0 = Release|Any CPU
		{65AB4830-19DE-7224-6160-68E3AE350A02}.Debug|Any CPU.ActiveCfg = Debug|Any CPU
		{65AB4830-19DE-7224-6160-68E3AE350A02}.Debug|Any CPU.Build.0 = Debug|Any CPU
		{65AB4830-19DE-7224-6160-68E3AE350A02}.Release|Any CPU.ActiveCfg = Release|Any CPU
		{65AB4830-19DE-7224-6160-68E3AE350A02}.Release|Any CPU.Build.0 = Release|Any CPU
		{3732F79A-96E3-3E9C-95C6-9EB2B5130CD2}.Debug|Any CPU.ActiveCfg = Debug|Any CPU
		{3732F79A-96E3-3E9C-95C6-9EB2B5130CD2}.Debug|Any CPU.Build.0 = Debug|Any CPU
		{3732F79A-96E3-3E9C-95C6-9EB2B5130CD2}.Release|Any CPU.ActiveCfg = Release|Any CPU
		{3732F79A-96E3-3E9C-95C6-9EB2B5130CD2}.Release|Any CPU.Build.0 = Release|Any CPU
		{53BC4C4A-4B74-E391-5AF6-82871F5FDB23}.Debug|Any CPU.ActiveCfg = Debug|Any CPU
		{53BC4C4A-4B74-E391-5AF6-82871F5FDB23}.Debug|Any CPU.Build.0 = Debug|Any CPU
		{53BC4C4A-4B74-E391-5AF6-82871F5FDB23}.Release|Any CPU.ActiveCfg = Release|Any CPU
		{53BC4C4A-4B74-E391-5AF6-82871F5FDB23}.Release|Any CPU.Build.0 = Release|Any CPU
		{308552E0-8821-50D7-B340-6AE184E611D5}.Debug|Any CPU.ActiveCfg = Debug|Any CPU
		{308552E0-8821-50D7-B340-6AE184E611D5}.Debug|Any CPU.Build.0 = Debug|Any CPU
		{308552E0-8821-50D7-B340-6AE184E611D5}.Release|Any CPU.ActiveCfg = Release|Any CPU
		{308552E0-8821-50D7-B340-6AE184E611D5}.Release|Any CPU.Build.0 = Release|Any CPU
		{23ECB9FC-5B91-C4B1-BECE-D3536FA63C03}.Debug|Any CPU.ActiveCfg = Debug|Any CPU
		{23ECB9FC-5B91-C4B1-BECE-D3536FA63C03}.Debug|Any CPU.Build.0 = Debug|Any CPU
		{23ECB9FC-5B91-C4B1-BECE-D3536FA63C03}.Release|Any CPU.ActiveCfg = Release|Any CPU
		{23ECB9FC-5B91-C4B1-BECE-D3536FA63C03}.Release|Any CPU.Build.0 = Release|Any CPU
		{C56CFA64-0F74-607F-8CF1-59F0A829FAD3}.Debug|Any CPU.ActiveCfg = Debug|Any CPU
		{C56CFA64-0F74-607F-8CF1-59F0A829FAD3}.Debug|Any CPU.Build.0 = Debug|Any CPU
		{C56CFA64-0F74-607F-8CF1-59F0A829FAD3}.Release|Any CPU.ActiveCfg = Release|Any CPU
		{C56CFA64-0F74-607F-8CF1-59F0A829FAD3}.Release|Any CPU.Build.0 = Release|Any CPU
		{9FD89DD1-F364-FD49-B771-EDC5C36F35B1}.Debug|Any CPU.ActiveCfg = Debug|Any CPU
		{9FD89DD1-F364-FD49-B771-EDC5C36F35B1}.Debug|Any CPU.Build.0 = Debug|Any CPU
		{9FD89DD1-F364-FD49-B771-EDC5C36F35B1}.Release|Any CPU.ActiveCfg = Release|Any CPU
		{9FD89DD1-F364-FD49-B771-EDC5C36F35B1}.Release|Any CPU.Build.0 = Release|Any CPU
		{3AD17B20-7E1D-874F-4CD8-D1F8780440B3}.Debug|Any CPU.ActiveCfg = Debug|Any CPU
		{3AD17B20-7E1D-874F-4CD8-D1F8780440B3}.Debug|Any CPU.Build.0 = Debug|Any CPU
		{3AD17B20-7E1D-874F-4CD8-D1F8780440B3}.Release|Any CPU.ActiveCfg = Release|Any CPU
		{3AD17B20-7E1D-874F-4CD8-D1F8780440B3}.Release|Any CPU.Build.0 = Release|Any CPU
		{1CDC98CD-A406-2DAA-34B0-FEEC40A6E6BF}.Debug|Any CPU.ActiveCfg = Debug|Any CPU
		{1CDC98CD-A406-2DAA-34B0-FEEC40A6E6BF}.Debug|Any CPU.Build.0 = Debug|Any CPU
		{1CDC98CD-A406-2DAA-34B0-FEEC40A6E6BF}.Release|Any CPU.ActiveCfg = Release|Any CPU
		{1CDC98CD-A406-2DAA-34B0-FEEC40A6E6BF}.Release|Any CPU.Build.0 = Release|Any CPU
		{1E37E985-723C-89EB-D622-01D3FE14CD7E}.Debug|Any CPU.ActiveCfg = Debug|Any CPU
		{1E37E985-723C-89EB-D622-01D3FE14CD7E}.Debug|Any CPU.Build.0 = Debug|Any CPU
		{1E37E985-723C-89EB-D622-01D3FE14CD7E}.Release|Any CPU.ActiveCfg = Release|Any CPU
		{1E37E985-723C-89EB-D622-01D3FE14CD7E}.Release|Any CPU.Build.0 = Release|Any CPU
	EndGlobalSection
	GlobalSection(SolutionProperties) = preSolution
		HideSolutionNode = FALSE
	EndGlobalSection
EndGlobal
